
Microsoft Visual Studio Solution File, Format Version 12.00
# Visual Studio Version 17
VisualStudioVersion = 17.8.34408.163
MinimumVisualStudioVersion = 10.0.40219.1
Project("{FAE04EC0-301F-11D3-BF4B-00C04F79EFBC}") = "DVDLogo", "DVDLogo\DVDLogo.csproj", "{3D902410-226E-4194-AADC-2CD89BB08B82}"
EndProject
Global
	GlobalSection(SolutionConfigurationPlatforms) = preSolution
		Debug|Any CPU = Debug|Any CPU
		Release|Any CPU = Release|Any CPU
	EndGlobalSection
	GlobalSection(ProjectConfigurationPlatforms) = postSolution
		{3D902410-226E-4194-AADC-2CD89BB08B82}.Debug|Any CPU.ActiveCfg = Debug|Any CPU
		{3D902410-226E-4194-AADC-2CD89BB08B82}.Debug|Any CPU.Build.0 = Debug|Any CPU
		{3D902410-226E-4194-AADC-2CD89BB08B82}.Release|Any CPU.ActiveCfg = Release|Any CPU
		{3D902410-226E-4194-AADC-2CD89BB08B82}.Release|Any CPU.Build.0 = Release|Any CPU
	EndGlobalSection
	GlobalSection(SolutionProperties) = preSolution
		HideSolutionNode = FALSE
	EndGlobalSection
	GlobalSection(ExtensibilityGlobals) = postSolution
		SolutionGuid = {1A7C2E19-6774-4977-9391-E72BA3BEEFF4}
	EndGlobalSection
EndGlobal
